
Microsoft Visual Studio Solution File, Format Version 12.00
# Visual Studio Version 17
VisualStudioVersion = 17.11.35327.3
MinimumVisualStudioVersion = 10.0.40219.1
Project("{FAE04EC0-301F-11D3-BF4B-00C04F79EFBC}") = "FactAndTheoryPractice", "FactAndTheoryPractice\FactAndTheoryPractice.csproj", "{556BBA2C-9515-4D72-88B0-9A2111AC23FD}"
EndProject
Project("{FAE04EC0-301F-11D3-BF4B-00C04F79EFBC}") = "FactAndTheoryPractice.Tests", "FactAndTheoryPractice.Tests\FactAndTheoryPractice.Tests.csproj", "{CECEB681-3942-4450-B08C-8302C5DF8831}"
EndProject
Global
	GlobalSection(SolutionConfigurationPlatforms) = preSolution
		Debug|Any CPU = Debug|Any CPU
		Release|Any CPU = Release|Any CPU
	EndGlobalSection
	GlobalSection(ProjectConfigurationPlatforms) = postSolution
		{556BBA2C-9515-4D72-88B0-9A2111AC23FD}.Debug|Any CPU.ActiveCfg = Debug|Any CPU
		{556BBA2C-9515-4D72-88B0-9A2111AC23FD}.Debug|Any CPU.Build.0 = Debug|Any CPU
		{556BBA2C-9515-4D72-88B0-9A2111AC23FD}.Release|Any CPU.ActiveCfg = Release|Any CPU
		{556BBA2C-9515-4D72-88B0-9A2111AC23FD}.Release|Any CPU.Build.0 = Release|Any CPU
		{CECEB681-3942-4450-B08C-8302C5DF8831}.Debug|Any CPU.ActiveCfg = Debug|Any CPU
		{CECEB681-3942-4450-B08C-8302C5DF8831}.Debug|Any CPU.Build.0 = Debug|Any CPU
		{CECEB681-3942-4450-B08C-8302C5DF8831}.Release|Any CPU.ActiveCfg = Release|Any CPU
		{CECEB681-3942-4450-B08C-8302C5DF8831}.Release|Any CPU.Build.0 = Release|Any CPU
	EndGlobalSection
	GlobalSection(SolutionProperties) = preSolution
		HideSolutionNode = FALSE
	EndGlobalSection
	GlobalSection(ExtensibilityGlobals) = postSolution
		SolutionGuid = {59F71AD4-4B63-4DD9-8BD4-A65FCDD73178}
	EndGlobalSection
EndGlobal
